
Microsoft Visual Studio Solution File, Format Version 12.00
# Visual Studio Version 17
VisualStudioVersion = 17.2.32602.215
MinimumVisualStudioVersion = 10.0.40219.1
Project("{8BC9CEB8-8B4A-11D0-8D11-00A0C91BC942}") = "OOP_Practic_1", "OOP_Practic_1\OOP_Practic_1.vcxproj", "{2ACEB0FE-6D98-4940-B7BB-CADC4117D656}"
EndProject
Global
	GlobalSection(SolutionConfigurationPlatforms) = preSolution
		Debug|x64 = Debug|x64
		Debug|x86 = Debug|x86
		Release|x64 = Release|x64
		Release|x86 = Release|x86
	EndGlobalSection
	GlobalSection(ProjectConfigurationPlatforms) = postSolution
		{2ACEB0FE-6D98-4940-B7BB-CADC4117D656}.Debug|x64.ActiveCfg = Debug|x64
		{2ACEB0FE-6D98-4940-B7BB-CADC4117D656}.Debug|x64.Build.0 = Debug|x64
		{2ACEB0FE-6D98-4940-B7BB-CADC4117D656}.Debug|x86.ActiveCfg = Debug|Win32
		{2ACEB0FE-6D98-4940-B7BB-CADC4117D656}.Debug|x86.Build.0 = Debug|Win32
		{2ACEB0FE-6D98-4940-B7BB-CADC4117D656}.Release|x64.ActiveCfg = Release|x64
		{2ACEB0FE-6D98-4940-B7BB-CADC4117D656}.Release|x64.Build.0 = Release|x64
		{2ACEB0FE-6D98-4940-B7BB-CADC4117D656}.Release|x86.ActiveCfg = Release|Win32
		{2ACEB0FE-6D98-4940-B7BB-CADC4117D656}.Release|x86.Build.0 = Release|Win32
	EndGlobalSection
	GlobalSection(SolutionProperties) = preSolution
		HideSolutionNode = FALSE
	EndGlobalSection
	GlobalSection(ExtensibilityGlobals) = postSolution
		SolutionGuid = {E189601D-41B4-46A4-BF20-8D528954899B}
	EndGlobalSection
EndGlobal
